<?xml version="1.0" encoding="utf-8"?>
<Project ToolsVersion="4.0" xmlns="http://schemas.microsoft.com/developer/msbuild/2003">
  <ItemGroup>
    <Filter Include="Source Files">
      <UniqueIdentifier>{4FC737F1-C7A5-4376-A066-2A32D752A2FF}</UniqueIdentifier>
      <Extensions>cpp;c;cc;cxx;c++;cppm;ixx;def;odl;idl;hpj;bat;asm;asmx</Extensions>
    </Filter>
    <Filter Include="Header Files">
      <UniqueIdentifier>{93995380-89BD-4b04-88EB-625FBE52EBFB}</UniqueIdentifier>
      <Extensions>h;hh;hpp;hxx;h++;hm;inl;inc;ipp;xsd</Extensions>
    </Filter>
    <Filter Include="Resource Files">
      <UniqueIdentifier>{67DA6AB6-F800-4c08-8B7A-83BB121AAD01}</UniqueIdentifier>
      <Extensions>rc;ico;cur;bmp;dlg;rc2;rct;bin;rgs;gif;jpg;jpeg;jpe;resx;tiff;tif;png;wav;mfcribbon-ms</Extensions>
    </Filter>
    <Filter Include="Source Files\Physics2D">
      <UniqueIdentifier>{17174c45-44a8-4118-ad4b-cf202e622525}</UniqueIdentifier>
    </Filter>
    <Filter Include="Header Files\Physics2D">
      <UniqueIdentifier>{6e9e2b2a-b552-4818-a045-d6266e79df70}</UniqueIdentifier>
    </Filter>
    <Filter Include="Header Files\Physics2D\Math">
      <UniqueIdentifier>{d7aab0fe-8b8a-4c05-9aab-1d6483159673}</UniqueIdentifier>
    </Filter>
    <Filter Include="Source Files\Physics2D\Math">
      <UniqueIdentifier>{8e1a2c3f-8da9-4bd1-96c9-56404bb0c2de}</UniqueIdentifier>
    </Filter>
    <Filter Include="Source Files\Examples">
      <UniqueIdentifier>{8542a312-4b1e-4b28-a38d-4a1d4216ceb3}</UniqueIdentifier>
    </Filter>
    <Filter Include="Header Files\Examples">
      <UniqueIdentifier>{a9ff664a-d2dd-4a4d-8c7c-7f359bdb57ff}</UniqueIdentifier>
    </Filter>
  </ItemGroup>
  <ItemGroup>
    <ClCompile Include="src\main.cpp">
      <Filter>Source Files</Filter>
    </ClCompile>
    <ClCompile Include="src\Physics2D\Particle.cpp">
      <Filter>Source Files\Physics2D</Filter>
    </ClCompile>
    <ClCompile Include="src\Physics2D\Renderer.cpp">
      <Filter>Source Files\Physics2D</Filter>
    </ClCompile>
    <ClCompile Include="src\Physics2D\Math\Vector2.cpp">
      <Filter>Source Files\Physics2D\Math</Filter>
    </ClCompile>
    <ClCompile Include="include\Physics2D\Core.h">
      <Filter>Header Files\Physics2D</Filter>
    </ClCompile>
    <ClCompile Include="src\Examples\TestExample.cpp">
      <Filter>Source Files\Examples</Filter>
    </ClCompile>
  </ItemGroup>
  <ItemGroup>
    <ClInclude Include="include\Physics2D\Math\Vector2.h">
      <Filter>Header Files\Physics2D\Math</Filter>
    </ClInclude>
    <ClInclude Include="include\Physics2D\Renderer.h">
      <Filter>Header Files\Physics2D</Filter>
    </ClInclude>
    <ClInclude Include="include\Physics2D\Precisions.h">
      <Filter>Header Files\Physics2D</Filter>
    </ClInclude>
    <ClInclude Include="include\Physics2D\Particle.h">
      <Filter>Header Files\Physics2D</Filter>
    </ClInclude>
    <ClInclude Include="src\Examples\TestExample.h">
      <Filter>Header Files\Examples</Filter>
    </ClInclude>
  </ItemGroup>
</Project>